
Microsoft Visual Studio Solution File, Format Version 12.00
# Visual Studio Version 17
VisualStudioVersion = 17.11.35327.3
MinimumVisualStudioVersion = 10.0.40219.1
Project("{FAE04EC0-301F-11D3-BF4B-00C04F79EFBC}") = "MyConsoleApp", "MyConsoleApp\MyConsoleApp.csproj", "{09C1E56D-995B-4D56-8D58-46E6209A7812}"
EndProject
Project("{FAE04EC0-301F-11D3-BF4B-00C04F79EFBC}") = "MyLibrary", "MyLibrary\MyLibrary.csproj", "{BC20AA5C-1E99-4C44-A638-7EAD11D8B624}"
EndProject
Global
	GlobalSection(SolutionConfigurationPlatforms) = preSolution
		Debug|Any CPU = Debug|Any CPU
		Release|Any CPU = Release|Any CPU
	EndGlobalSection
	GlobalSection(ProjectConfigurationPlatforms) = postSolution
		{09C1E56D-995B-4D56-8D58-46E6209A7812}.Debug|Any CPU.ActiveCfg = Debug|Any CPU
		{09C1E56D-995B-4D56-8D58-46E6209A7812}.Debug|Any CPU.Build.0 = Debug|Any CPU
		{09C1E56D-995B-4D56-8D58-46E6209A7812}.Release|Any CPU.ActiveCfg = Release|Any CPU
		{09C1E56D-995B-4D56-8D58-46E6209A7812}.Release|Any CPU.Build.0 = Release|Any CPU
		{BC20AA5C-1E99-4C44-A638-7EAD11D8B624}.Debug|Any CPU.ActiveCfg = Debug|Any CPU
		{BC20AA5C-1E99-4C44-A638-7EAD11D8B624}.Debug|Any CPU.Build.0 = Debug|Any CPU
		{BC20AA5C-1E99-4C44-A638-7EAD11D8B624}.Release|Any CPU.ActiveCfg = Release|Any CPU
		{BC20AA5C-1E99-4C44-A638-7EAD11D8B624}.Release|Any CPU.Build.0 = Release|Any CPU
	EndGlobalSection
	GlobalSection(SolutionProperties) = preSolution
		HideSolutionNode = FALSE
	EndGlobalSection
	GlobalSection(ExtensibilityGlobals) = postSolution
		SolutionGuid = {8B7D36DB-E5C7-421A-AD14-2D5E30857365}
	EndGlobalSection
EndGlobal
